
Microsoft Visual Studio Solution File, Format Version 12.00
# Visual Studio Version 17
VisualStudioVersion = 17.6.33815.320
MinimumVisualStudioVersion = 10.0.40219.1
Project("{FAE04EC0-301F-11D3-BF4B-00C04F79EFBC}") = "ProjetoDeMusica", "ProjetoDeMusica\ProjetoDeMusica.csproj", "{39F5CDB5-BAB9-4530-A5E3-71DEEFB1443C}"
EndProject
Global
	GlobalSection(SolutionConfigurationPlatforms) = preSolution
		Debug|Any CPU = Debug|Any CPU
		Release|Any CPU = Release|Any CPU
	EndGlobalSection
	GlobalSection(ProjectConfigurationPlatforms) = postSolution
		{39F5CDB5-BAB9-4530-A5E3-71DEEFB1443C}.Debug|Any CPU.ActiveCfg = Debug|Any CPU
		{39F5CDB5-BAB9-4530-A5E3-71DEEFB1443C}.Debug|Any CPU.Build.0 = Debug|Any CPU
		{39F5CDB5-BAB9-4530-A5E3-71DEEFB1443C}.Release|Any CPU.ActiveCfg = Release|Any CPU
		{39F5CDB5-BAB9-4530-A5E3-71DEEFB1443C}.Release|Any CPU.Build.0 = Release|Any CPU
	EndGlobalSection
	GlobalSection(SolutionProperties) = preSolution
		HideSolutionNode = FALSE
	EndGlobalSection
	GlobalSection(ExtensibilityGlobals) = postSolution
		SolutionGuid = {628EB612-841F-4911-9E6A-0323CA9CCB1B}
	EndGlobalSection
EndGlobal
